
Microsoft Visual Studio Solution File, Format Version 12.00
# Visual Studio 15
VisualStudioVersion = 15.0.27703.2047
MinimumVisualStudioVersion = 10.0.40219.1
Project("{FAE04EC0-301F-11D3-BF4B-00C04F79EFBC}") = "TestIdentityServer", "TestIdentityServer\TestIdentityServer.csproj", "{E7037FCD-8A31-4F10-B0E5-2228913DDB2F}"
EndProject
Global
	GlobalSection(SolutionConfigurationPlatforms) = preSolution
		Debug|Any CPU = Debug|Any CPU
		Release|Any CPU = Release|Any CPU
	EndGlobalSection
	GlobalSection(ProjectConfigurationPlatforms) = postSolution
		{E7037FCD-8A31-4F10-B0E5-2228913DDB2F}.Debug|Any CPU.ActiveCfg = Debug|Any CPU
		{E7037FCD-8A31-4F10-B0E5-2228913DDB2F}.Debug|Any CPU.Build.0 = Debug|Any CPU
		{E7037FCD-8A31-4F10-B0E5-2228913DDB2F}.Release|Any CPU.ActiveCfg = Release|Any CPU
		{E7037FCD-8A31-4F10-B0E5-2228913DDB2F}.Release|Any CPU.Build.0 = Release|Any CPU
	EndGlobalSection
	GlobalSection(SolutionProperties) = preSolution
		HideSolutionNode = FALSE
	EndGlobalSection
	GlobalSection(ExtensibilityGlobals) = postSolution
		SolutionGuid = {04D26E96-5DFE-4F79-B1A3-1A82A27FA754}
	EndGlobalSection
EndGlobal
